// !$*UTF8*$!
{
	archiveVersion = 1;
	classes = {
	};
	objectVersion = 51;
	objects = {

/* Begin PBXBuildFile section */
		103DE3C522DAC2CC0017F726 /* PreViewController.swift in Sources */ = {isa = PBXBuildFile; fileRef = 103DE3C422DAC2CC0017F726 /* PreViewController.swift */; };
		103F060722DA4CC800947E62 /* newItem.swift in Sources */ = {isa = PBXBuildFile; fileRef = 103F060622DA4CC800947E62 /* newItem.swift */; };
		1040D82722DA342300E043B2 /* NewsTableViewCell.swift in Sources */ = {isa = PBXBuildFile; fileRef = 1040D82622DA342300E043B2 /* NewsTableViewCell.swift */; };
		10434E1822D4EC2A00A3AB15 /* AppDelegate.swift in Sources */ = {isa = PBXBuildFile; fileRef = 10434E1722D4EC2A00A3AB15 /* AppDelegate.swift */; };
		10434E1D22D4EC2A00A3AB15 /* Main.storyboard in Resources */ = {isa = PBXBuildFile; fileRef = 10434E1B22D4EC2A00A3AB15 /* Main.storyboard */; };
		10434E1F22D4EC2C00A3AB15 /* Assets.xcassets in Resources */ = {isa = PBXBuildFile; fileRef = 10434E1E22D4EC2C00A3AB15 /* Assets.xcassets */; };
		10434E2222D4EC2C00A3AB15 /* LaunchScreen.storyboard in Resources */ = {isa = PBXBuildFile; fileRef = 10434E2022D4EC2C00A3AB15 /* LaunchScreen.storyboard */; };
		1044B7DD22D66D7F00FC6EA5 /* LoginViewController.swift in Sources */ = {isa = PBXBuildFile; fileRef = 1044B7DC22D66D7F00FC6EA5 /* LoginViewController.swift */; };
		105003F922D9CD5800718292 /* NewsTableViewController.swift in Sources */ = {isa = PBXBuildFile; fileRef = 105003F822D9CD5800718292 /* NewsTableViewController.swift */; };
		107A08F522DB869C002F7360 /* GoogleService-Info.plist in Resources */ = {isa = PBXBuildFile; fileRef = 107A08F422DB869C002F7360 /* GoogleService-Info.plist */; };
		3E499D71BC8B3F356426F89A /* Pods_goodApp.framework in Frameworks */ = {isa = PBXBuildFile; fileRef = 9600FC470442CBE92FB2183E /* Pods_goodApp.framework */; };
/* End PBXBuildFile section */

/* Begin PBXFileReference section */
		103DE3C422DAC2CC0017F726 /* PreViewController.swift */ = {isa = PBXFileReference; lastKnownFileType = sourcecode.swift; path = PreViewController.swift; sourceTree = "<group>"; };
		103F060622DA4CC800947E62 /* newItem.swift */ = {isa = PBXFileReference; lastKnownFileType = sourcecode.swift; path = newItem.swift; sourceTree = "<group>"; };
		1040D82622DA342300E043B2 /* NewsTableViewCell.swift */ = {isa = PBXFileReference; lastKnownFileType = sourcecode.swift; path = NewsTableViewCell.swift; sourceTree = "<group>"; };
		10434E1422D4EC2A00A3AB15 /* goodApp.app */ = {isa = PBXFileReference; explicitFileType = wrapper.application; includeInIndex = 0; path = goodApp.app; sourceTree = BUILT_PRODUCTS_DIR; };
		10434E1722D4EC2A00A3AB15 /* AppDelegate.swift */ = {isa = PBXFileReference; lastKnownFileType = sourcecode.swift; path = AppDelegate.swift; sourceTree = "<group>"; };
		10434E1C22D4EC2A00A3AB15 /* Base */ = {isa = PBXFileReference; lastKnownFileType = file.storyboard; name = Base; path = Base.lproj/Main.storyboard; sourceTree = "<group>"; };
		10434E1E22D4EC2C00A3AB15 /* Assets.xcassets */ = {isa = PBXFileReference; lastKnownFileType = folder.assetcatalog; path = Assets.xcassets; sourceTree = "<group>"; };
		10434E2122D4EC2C00A3AB15 /* Base */ = {isa = PBXFileReference; lastKnownFileType = file.storyboard; name = Base; path = Base.lproj/LaunchScreen.storyboard; sourceTree = "<group>"; };
		10434E2322D4EC2C00A3AB15 /* Info.plist */ = {isa = PBXFileReference; lastKnownFileType = text.plist.xml; path = Info.plist; sourceTree = "<group>"; };
		1044B7DC22D66D7F00FC6EA5 /* LoginViewController.swift */ = {isa = PBXFileReference; lastKnownFileType = sourcecode.swift; path = LoginViewController.swift; sourceTree = "<group>"; };
		105003F822D9CD5800718292 /* NewsTableViewController.swift */ = {isa = PBXFileReference; lastKnownFileType = sourcecode.swift; path = NewsTableViewController.swift; sourceTree = "<group>"; };
		107A08F422DB869C002F7360 /* GoogleService-Info.plist */ = {isa = PBXFileReference; fileEncoding = 4; lastKnownFileType = text.plist.xml; path = "GoogleService-Info.plist"; sourceTree = "<group>"; };
		6C964D26BF81BE8D5AD9270D /* Pods-goodApp.release.xcconfig */ = {isa = PBXFileReference; includeInIndex = 1; lastKnownFileType = text.xcconfig; name = "Pods-goodApp.release.xcconfig"; path = "Target Support Files/Pods-goodApp/Pods-goodApp.release.xcconfig"; sourceTree = "<group>"; };
		813EA5AEAAF48C69C46BB19F /* Pods-goodApp.debug.xcconfig */ = {isa = PBXFileReference; includeInIndex = 1; lastKnownFileType = text.xcconfig; name = "Pods-goodApp.debug.xcconfig"; path = "Target Support Files/Pods-goodApp/Pods-goodApp.debug.xcconfig"; sourceTree = "<group>"; };
		9600FC470442CBE92FB2183E /* Pods_goodApp.framework */ = {isa = PBXFileReference; explicitFileType = wrapper.framework; includeInIndex = 0; path = Pods_goodApp.framework; sourceTree = BUILT_PRODUCTS_DIR; };
/* End PBXFileReference section */

/* Begin PBXFrameworksBuildPhase section */
		10434E1122D4EC2A00A3AB15 /* Frameworks */ = {
			isa = PBXFrameworksBuildPhase;
			buildActionMask = 2147483647;
			files = (
				3E499D71BC8B3F356426F89A /* Pods_goodApp.framework in Frameworks */,
			);
			runOnlyForDeploymentPostprocessing = 0;
		};
/* End PBXFrameworksBuildPhase section */

/* Begin PBXGroup section */
		10434E0B22D4EC2A00A3AB15 = {
			isa = PBXGroup;
			children = (
				10434E1622D4EC2A00A3AB15 /* goodApp */,
				10434E1522D4EC2A00A3AB15 /* Products */,
				963DA298A89CC016491A3777 /* Pods */,
				A3C3FDA917C5471511ADB785 /* Frameworks */,
			);
			sourceTree = "<group>";
		};
		10434E1522D4EC2A00A3AB15 /* Products */ = {
			isa = PBXGroup;
			children = (
				10434E1422D4EC2A00A3AB15 /* goodApp.app */,
			);
			name = Products;
			sourceTree = "<group>";
		};
		10434E1622D4EC2A00A3AB15 /* goodApp */ = {
			isa = PBXGroup;
			children = (
				107A08F422DB869C002F7360 /* GoogleService-Info.plist */,
				10434E1722D4EC2A00A3AB15 /* AppDelegate.swift */,
				10434E1B22D4EC2A00A3AB15 /* Main.storyboard */,
				10434E1E22D4EC2C00A3AB15 /* Assets.xcassets */,
				10434E2022D4EC2C00A3AB15 /* LaunchScreen.storyboard */,
				10434E2322D4EC2C00A3AB15 /* Info.plist */,
				1044B7DC22D66D7F00FC6EA5 /* LoginViewController.swift */,
				105003F822D9CD5800718292 /* NewsTableViewController.swift */,
				1040D82622DA342300E043B2 /* NewsTableViewCell.swift */,
				103F060622DA4CC800947E62 /* newItem.swift */,
				103DE3C422DAC2CC0017F726 /* PreViewController.swift */,
			);
			path = goodApp;
			sourceTree = "<group>";
		};
		963DA298A89CC016491A3777 /* Pods */ = {
			isa = PBXGroup;
			children = (
				813EA5AEAAF48C69C46BB19F /* Pods-goodApp.debug.xcconfig */,
				6C964D26BF81BE8D5AD9270D /* Pods-goodApp.release.xcconfig */,
			);
			path = Pods;
			sourceTree = "<group>";
		};
		A3C3FDA917C5471511ADB785 /* Frameworks */ = {
			isa = PBXGroup;
			children = (
				9600FC470442CBE92FB2183E /* Pods_goodApp.framework */,
			);
			name = Frameworks;
			sourceTree = "<group>";
		};
/* End PBXGroup section */

/* Begin PBXNativeTarget section */
		10434E1322D4EC2A00A3AB15 /* goodApp */ = {
			isa = PBXNativeTarget;
			buildConfigurationList = 10434E2622D4EC2C00A3AB15 /* Build configuration list for PBXNativeTarget "goodApp" */;
			buildPhases = (
				7E926C2061994B4027B0FC2D /* [CP] Check Pods Manifest.lock */,
				10434E1022D4EC2A00A3AB15 /* Sources */,
				10434E1122D4EC2A00A3AB15 /* Frameworks */,
				10434E1222D4EC2A00A3AB15 /* Resources */,
				CAAF8B80D687988D5E7B9AF6 /* [CP] Embed Pods Frameworks */,
			);
			buildRules = (
			);
			dependencies = (
			);
			name = goodApp;
			productName = goodApp;
			productReference = 10434E1422D4EC2A00A3AB15 /* goodApp.app */;
			productType = "com.apple.product-type.application";
		};
/* End PBXNativeTarget section */

/* Begin PBXProject section */
		10434E0C22D4EC2A00A3AB15 /* Project object */ = {
			isa = PBXProject;
			attributes = {
				LastSwiftUpdateCheck = 1010;
				LastUpgradeCheck = 1010;
				ORGANIZATIONNAME = "Yu Shih-hao";
				TargetAttributes = {
					10434E1322D4EC2A00A3AB15 = {
						CreatedOnToolsVersion = 10.1;
					};
				};
			};
			buildConfigurationList = 10434E0F22D4EC2A00A3AB15 /* Build configuration list for PBXProject "goodApp" */;
			compatibilityVersion = "Xcode 9.3";
			developmentRegion = en;
			hasScannedForEncodings = 0;
			knownRegions = (
				en,
				Base,
			);
			mainGroup = 10434E0B22D4EC2A00A3AB15;
			productRefGroup = 10434E1522D4EC2A00A3AB15 /* Products */;
			projectDirPath = "";
			projectRoot = "";
			targets = (
				10434E1322D4EC2A00A3AB15 /* goodApp */,
			);
		};
/* End PBXProject section */

/* Begin PBXResourcesBuildPhase section */
		10434E1222D4EC2A00A3AB15 /* Resources */ = {
			isa = PBXResourcesBuildPhase;
			buildActionMask = 2147483647;
			files = (
				10434E2222D4EC2C00A3AB15 /* LaunchScreen.storyboard in Resources */,
				107A08F522DB869C002F7360 /* GoogleService-Info.plist in Resources */,
				10434E1F22D4EC2C00A3AB15 /* Assets.xcassets in Resources */,
				10434E1D22D4EC2A00A3AB15 /* Main.storyboard in Resources */,
			);
			runOnlyForDeploymentPostprocessing = 0;
		};
/* End PBXResourcesBuildPhase section */

/* Begin PBXShellScriptBuildPhase section */
		7E926C2061994B4027B0FC2D /* [CP] Check Pods Manifest.lock */ = {
			isa = PBXShellScriptBuildPhase;
			buildActionMask = 12;
			files = (
			);
			inputFileListPaths = (
			);
			inputPaths = (
				"${PODS_PODFILE_DIR_PATH}/Podfile.lock",
				"${PODS_ROOT}/Manifest.lock",
			);
			name = "[CP] Check Pods Manifest.lock";
			outputFileListPaths = (
			);
			outputPaths = (
				"$(DERIVED_FILE_DIR)/Pods-goodApp-checkManifestLockResult.txt",
			);
			runOnlyForDeploymentPostprocessing = 0;
			shellPath = /bin/sh;
			shellScript = "diff \"${PODS_PODFILE_DIR_PATH}/Podfile.lock\" \"${PODS_ROOT}/Manifest.lock\" > /dev/null\nif [ $? != 0 ] ; then\n    # print error to STDERR\n    echo \"error: The sandbox is not in sync with the Podfile.lock. Run 'pod install' or update your CocoaPods installation.\" >&2\n    exit 1\nfi\n# This output is used by Xcode 'outputs' to avoid re-running this script phase.\necho \"SUCCESS\" > \"${SCRIPT_OUTPUT_FILE_0}\"\n";
			showEnvVarsInLog = 0;
		};
		CAAF8B80D687988D5E7B9AF6 /* [CP] Embed Pods Frameworks */ = {
			isa = PBXShellScriptBuildPhase;
			buildActionMask = 2147483647;
			files = (
			);
			inputFileListPaths = (
				"${PODS_ROOT}/Target Support Files/Pods-goodApp/Pods-goodApp-frameworks-${CONFIGURATION}-input-files.xcfilelist",
			);
			name = "[CP] Embed Pods Frameworks";
			outputFileListPaths = (
				"${PODS_ROOT}/Target Support Files/Pods-goodApp/Pods-goodApp-frameworks-${CONFIGURATION}-output-files.xcfilelist",
			);
			runOnlyForDeploymentPostprocessing = 0;
			shellPath = /bin/sh;
			shellScript = "\"${PODS_ROOT}/Target Support Files/Pods-goodApp/Pods-goodApp-frameworks.sh\"\n";
			showEnvVarsInLog = 0;
		};
/* End PBXShellScriptBuildPhase section */

/* Begin PBXSourcesBuildPhase section */
		10434E1022D4EC2A00A3AB15 /* Sources */ = {
			isa = PBXSourcesBuildPhase;
			buildActionMask = 2147483647;
			files = (
				105003F922D9CD5800718292 /* NewsTableViewController.swift in Sources */,
				1044B7DD22D66D7F00FC6EA5 /* LoginViewController.swift in Sources */,
				1040D82722DA342300E043B2 /* NewsTableViewCell.swift in Sources */,
				10434E1822D4EC2A00A3AB15 /* AppDelegate.swift in Sources */,
				103DE3C522DAC2CC0017F726 /* PreViewController.swift in Sources */,
				103F060722DA4CC800947E62 /* newItem.swift in Sources */,
			);
			runOnlyForDeploymentPostprocessing = 0;
		};
/* End PBXSourcesBuildPhase section */

/* Begin PBXVariantGroup section */
		10434E1B22D4EC2A00A3AB15 /* Main.storyboard */ = {
			isa = PBXVariantGroup;
			children = (
				10434E1C22D4EC2A00A3AB15 /* Base */,
			);
			name = Main.storyboard;
			sourceTree = "<group>";
		};
		10434E2022D4EC2C00A3AB15 /* LaunchScreen.storyboard */ = {
			isa = PBXVariantGroup;
			children = (
				10434E2122D4EC2C00A3AB15 /* Base */,
			);
			name = LaunchScreen.storyboard;
			sourceTree = "<group>";
		};
/* End PBXVariantGroup section */

/* Begin XCBuildConfiguration section */
		10434E2422D4EC2C00A3AB15 /* Debug */ = {
			isa = XCBuildConfiguration;
			buildSettings = {
				ALWAYS_SEARCH_USER_PATHS = NO;
				CLANG_ANALYZER_NONNULL = YES;
				CLANG_ANALYZER_NUMBER_OBJECT_CONVERSION = YES_AGGRESSIVE;
				CLANG_CXX_LANGUAGE_STANDARD = "gnu++14";
				CLANG_CXX_LIBRARY = "libc++";
				CLANG_ENABLE_MODULES = YES;
				CLANG_ENABLE_OBJC_ARC = YES;
				CLANG_ENABLE_OBJC_WEAK = YES;
				CLANG_WARN_BLOCK_CAPTURE_AUTORELEASING = YES;
				CLANG_WARN_BOOL_CONVERSION = YES;
				CLANG_WARN_COMMA = YES;
				CLANG_WARN_CONSTANT_CONVERSION = YES;
				CLANG_WARN_DEPRECATED_OBJC_IMPLEMENTATIONS = YES;
				CLANG_WARN_DIRECT_OBJC_ISA_USAGE = YES_ERROR;
				CLANG_WARN_DOCUMENTATION_COMMENTS = YES;
				CLANG_WARN_EMPTY_BODY = YES;
				CLANG_WARN_ENUM_CONVERSION = YES;
				CLANG_WARN_INFINITE_RECURSION = YES;
				CLANG_WARN_INT_CONVERSION = YES;
				CLANG_WARN_NON_LITERAL_NULL_CONVERSION = YES;
				CLANG_WARN_OBJC_IMPLICIT_RETAIN_SELF = YES;
				CLANG_WARN_OBJC_LITERAL_CONVERSION = YES;
				CLANG_WARN_OBJC_ROOT_CLASS = YES_ERROR;
				CLANG_WARN_RANGE_LOOP_ANALYSIS = YES;
				CLANG_WARN_STRICT_PROTOTYPES = YES;
				CLANG_WARN_SUSPICIOUS_MOVE = YES;
				CLANG_WARN_UNGUARDED_AVAILABILITY = YES_AGGRESSIVE;
				CLANG_WARN_UNREACHABLE_CODE = YES;
				CLANG_WARN__DUPLICATE_METHOD_MATCH = YES;
				CODE_SIGN_IDENTITY = "iPhone Developer";
				COPY_PHASE_STRIP = NO;
				DEBUG_INFORMATION_FORMAT = dwarf;
				ENABLE_STRICT_OBJC_MSGSEND = YES;
				ENABLE_TESTABILITY = YES;
				GCC_C_LANGUAGE_STANDARD = gnu11;
				GCC_DYNAMIC_NO_PIC = NO;
				GCC_NO_COMMON_BLOCKS = YES;
				GCC_OPTIMIZATION_LEVEL = 0;
				GCC_PREPROCESSOR_DEFINITIONS = (
					"DEBUG=1",
					"$(inherited)",
				);
				GCC_WARN_64_TO_32_BIT_CONVERSION = YES;
				GCC_WARN_ABOUT_RETURN_TYPE = YES_ERROR;
				GCC_WARN_UNDECLARED_SELECTOR = YES;
				GCC_WARN_UNINITIALIZED_AUTOS = YES_AGGRESSIVE;
				GCC_WARN_UNUSED_FUNCTION = YES;
				GCC_WARN_UNUSED_VARIABLE = YES;
				IPHONEOS_DEPLOYMENT_TARGET = 12.1;
				MTL_ENABLE_DEBUG_INFO = INCLUDE_SOURCE;
				MTL_FAST_MATH = YES;
				ONLY_ACTIVE_ARCH = YES;
				SDKROOT = iphoneos;
				SWIFT_ACTIVE_COMPILATION_CONDITIONS = DEBUG;
				SWIFT_OPTIMIZATION_LEVEL = "-Onone";
			};
			name = Debug;
		};
		10434E2522D4EC2C00A3AB15 /* Release */ = {
			isa = XCBuildConfiguration;
			buildSettings = {
				ALWAYS_SEARCH_USER_PATHS = NO;
				CLANG_ANALYZER_NONNULL = YES;
				CLANG_ANALYZER_NUMBER_OBJECT_CONVERSION = YES_AGGRESSIVE;
				CLANG_CXX_LANGUAGE_STANDARD = "gnu++14";
				CLANG_CXX_LIBRARY = "libc++";
				CLANG_ENABLE_MODULES = YES;
				CLANG_ENABLE_OBJC_ARC = YES;
				CLANG_ENABLE_OBJC_WEAK = YES;
				CLANG_WARN_BLOCK_CAPTURE_AUTORELEASING = YES;
				CLANG_WARN_BOOL_CONVERSION = YES;
				CLANG_WARN_COMMA = YES;
				CLANG_WARN_CONSTANT_CONVERSION = YES;
				CLANG_WARN_DEPRECATED_OBJC_IMPLEMENTATIONS = YES;
				CLANG_WARN_DIRECT_OBJC_ISA_USAGE = YES_ERROR;
				CLANG_WARN_DOCUMENTATION_COMMENTS = YES;
				CLANG_WARN_EMPTY_BODY = YES;
				CLANG_WARN_ENUM_CONVERSION = YES;
				CLANG_WARN_INFINITE_RECURSION = YES;
				CLANG_WARN_INT_CONVERSION = YES;
				CLANG_WARN_NON_LITERAL_NULL_CONVERSION = YES;
				CLANG_WARN_OBJC_IMPLICIT_RETAIN_SELF = YES;
				CLANG_WARN_OBJC_LITERAL_CONVERSION = YES;
				CLANG_WARN_OBJC_ROOT_CLASS = YES_ERROR;
				CLANG_WARN_RANGE_LOOP_ANALYSIS = YES;
				CLANG_WARN_STRICT_PROTOTYPES = YES;
				CLANG_WARN_SUSPICIOUS_MOVE = YES;
				CLANG_WARN_UNGUARDED_AVAILABILITY = YES_AGGRESSIVE;
				CLANG_WARN_UNREACHABLE_CODE = YES;
				CLANG_WARN__DUPLICATE_METHOD_MATCH = YES;
				CODE_SIGN_IDENTITY = "iPhone Developer";
				COPY_PHASE_STRIP = NO;
				DEBUG_INFORMATION_FORMAT = "dwarf-with-dsym";
				ENABLE_NS_ASSERTIONS = NO;
				ENABLE_STRICT_OBJC_MSGSEND = YES;
				GCC_C_LANGUAGE_STANDARD = gnu11;
				GCC_NO_COMMON_BLOCKS = YES;
				GCC_WARN_64_TO_32_BIT_CONVERSION = YES;
				GCC_WARN_ABOUT_RETURN_TYPE = YES_ERROR;
				GCC_WARN_UNDECLARED_SELECTOR = YES;
				GCC_WARN_UNINITIALIZED_AUTOS = YES_AGGRESSIVE;
				GCC_WARN_UNUSED_FUNCTION = YES;
				GCC_WARN_UNUSED_VARIABLE = YES;
				IPHONEOS_DEPLOYMENT_TARGET = 12.1;
				MTL_ENABLE_DEBUG_INFO = NO;
				MTL_FAST_MATH = YES;
				SDKROOT = iphoneos;
				SWIFT_COMPILATION_MODE = wholemodule;
				SWIFT_OPTIMIZATION_LEVEL = "-O";
				VALIDATE_PRODUCT = YES;
			};
			name = Release;
		};
		10434E2722D4EC2C00A3AB15 /* Debug */ = {
			isa = XCBuildConfiguration;
			baseConfigurationReference = 813EA5AEAAF48C69C46BB19F /* Pods-goodApp.debug.xcconfig */;
			buildSettings = {
				ASSETCATALOG_COMPILER_APPICON_NAME = AppIcon;
				ASSETCATALOG_COMPILER_LAUNCHIMAGE_NAME = LaunchImage;
				CODE_SIGN_STYLE = Automatic;
				DEVELOPMENT_TEAM = 7MGTWKL27W;
				INFOPLIST_FILE = goodApp/Info.plist;
				LD_RUNPATH_SEARCH_PATHS = (
					"$(inherited)",
					"@executable_path/Frameworks",
				);
				PRODUCT_BUNDLE_IDENTIFIER = com.goodApp111;
				PRODUCT_NAME = "$(TARGET_NAME)";
				SWIFT_VERSION = 4.2;
				TARGETED_DEVICE_FAMILY = "1,2";
			};
			name = Debug;
		};
		10434E2822D4EC2C00A3AB15 /* Release */ = {
			isa = XCBuildConfiguration;
			baseConfigurationReference = 6C964D26BF81BE8D5AD9270D /* Pods-goodApp.release.xcconfig */;
			buildSettings = {
				ASSETCATALOG_COMPILER_APPICON_NAME = AppIcon;
				ASSETCATALOG_COMPILER_LAUNCHIMAGE_NAME = LaunchImage;
				CODE_SIGN_STYLE = Automatic;
				DEVELOPMENT_TEAM = 7MGTWKL27W;
				INFOPLIST_FILE = goodApp/Info.plist;
				LD_RUNPATH_SEARCH_PATHS = (
					"$(inherited)",
					"@executable_path/Frameworks",
				);
				PRODUCT_BUNDLE_IDENTIFIER = com.goodApp111;
				PRODUCT_NAME = "$(TARGET_NAME)";
				SWIFT_VERSION = 4.2;
				TARGETED_DEVICE_FAMILY = "1,2";
			};
			name = Release;
		};
/* End XCBuildConfiguration section */

/* Begin XCConfigurationList section */
		10434E0F22D4EC2A00A3AB15 /* Build configuration list for PBXProject "goodApp" */ = {
			isa = XCConfigurationList;
			buildConfigurations = (
				10434E2422D4EC2C00A3AB15 /* Debug */,
				10434E2522D4EC2C00A3AB15 /* Release */,
			);
			defaultConfigurationIsVisible = 0;
			defaultConfigurationName = Release;
		};
		10434E2622D4EC2C00A3AB15 /* Build configuration list for PBXNativeTarget "goodApp" */ = {
			isa = XCConfigurationList;
			buildConfigurations = (
				10434E2722D4EC2C00A3AB15 /* Debug */,
				10434E2822D4EC2C00A3AB15 /* Release */,
			);
			defaultConfigurationIsVisible = 0;
			defaultConfigurationName = Release;
		};
/* End XCConfigurationList section */
	};
	rootObject = 10434E0C22D4EC2A00A3AB15 /* Project object */;
}
